
Microsoft Visual Studio Solution File, Format Version 12.00
# Visual Studio Version 17
VisualStudioVersion = 17.1.32228.430
MinimumVisualStudioVersion = 10.0.40219.1
Project("{8BC9CEB8-8B4A-11D0-8D11-00A0C91BC942}") = "YTOdev2", "YTOdev2\YTOdev2.vcxproj", "{E8D5084C-FAF3-420F-92B7-54DD514C7985}"
EndProject
Project("{8BC9CEB8-8B4A-11D0-8D11-00A0C91BC942}") = "Sample-Test1", "Sample-Test1\Sample-Test1.vcxproj", "{01F83D88-5429-41FB-8EB2-DE11AEE16AAC}"
EndProject
Global
	GlobalSection(SolutionConfigurationPlatforms) = preSolution
		Debug|x64 = Debug|x64
		Debug|x86 = Debug|x86
		Release|x64 = Release|x64
		Release|x86 = Release|x86
	EndGlobalSection
	GlobalSection(ProjectConfigurationPlatforms) = postSolution
		{E8D5084C-FAF3-420F-92B7-54DD514C7985}.Debug|x64.ActiveCfg = Debug|x64
		{E8D5084C-FAF3-420F-92B7-54DD514C7985}.Debug|x64.Build.0 = Debug|x64
		{E8D5084C-FAF3-420F-92B7-54DD514C7985}.Debug|x86.ActiveCfg = Debug|Win32
		{E8D5084C-FAF3-420F-92B7-54DD514C7985}.Debug|x86.Build.0 = Debug|Win32
		{E8D5084C-FAF3-420F-92B7-54DD514C7985}.Release|x64.ActiveCfg = Release|x64
		{E8D5084C-FAF3-420F-92B7-54DD514C7985}.Release|x64.Build.0 = Release|x64
		{E8D5084C-FAF3-420F-92B7-54DD514C7985}.Release|x86.ActiveCfg = Release|Win32
		{E8D5084C-FAF3-420F-92B7-54DD514C7985}.Release|x86.Build.0 = Release|Win32
		{01F83D88-5429-41FB-8EB2-DE11AEE16AAC}.Debug|x64.ActiveCfg = Debug|x64
		{01F83D88-5429-41FB-8EB2-DE11AEE16AAC}.Debug|x64.Build.0 = Debug|x64
		{01F83D88-5429-41FB-8EB2-DE11AEE16AAC}.Debug|x86.ActiveCfg = Debug|Win32
		{01F83D88-5429-41FB-8EB2-DE11AEE16AAC}.Debug|x86.Build.0 = Debug|Win32
		{01F83D88-5429-41FB-8EB2-DE11AEE16AAC}.Release|x64.ActiveCfg = Release|x64
		{01F83D88-5429-41FB-8EB2-DE11AEE16AAC}.Release|x64.Build.0 = Release|x64
		{01F83D88-5429-41FB-8EB2-DE11AEE16AAC}.Release|x86.ActiveCfg = Release|Win32
		{01F83D88-5429-41FB-8EB2-DE11AEE16AAC}.Release|x86.Build.0 = Release|Win32
	EndGlobalSection
	GlobalSection(SolutionProperties) = preSolution
		HideSolutionNode = FALSE
	EndGlobalSection
	GlobalSection(ExtensibilityGlobals) = postSolution
		SolutionGuid = {BAEA5FF8-98F2-4352-9409-EAD45443962E}
	EndGlobalSection
EndGlobal
